
Microsoft Visual Studio Solution File, Format Version 12.00
# Visual Studio Version 17
VisualStudioVersion = 17.1.32407.343
MinimumVisualStudioVersion = 10.0.40219.1
Project("{FAE04EC0-301F-11D3-BF4B-00C04F79EFBC}") = "DoseGradient", "DoseGradient.csproj", "{58784F0E-3BA2-42B4-9705-19A11B411E26}"
EndProject
Global
	GlobalSection(SolutionConfigurationPlatforms) = preSolution
		Debug|Any CPU = Debug|Any CPU
		Debug|x64 = Debug|x64
		Release|Any CPU = Release|Any CPU
		Release|x64 = Release|x64
	EndGlobalSection
	GlobalSection(ProjectConfigurationPlatforms) = postSolution
		{58784F0E-3BA2-42B4-9705-19A11B411E26}.Debug|Any CPU.ActiveCfg = Debug|Any CPU
		{58784F0E-3BA2-42B4-9705-19A11B411E26}.Debug|Any CPU.Build.0 = Debug|Any CPU
		{58784F0E-3BA2-42B4-9705-19A11B411E26}.Debug|x64.ActiveCfg = Debug|x64
		{58784F0E-3BA2-42B4-9705-19A11B411E26}.Debug|x64.Build.0 = Debug|x64
		{58784F0E-3BA2-42B4-9705-19A11B411E26}.Release|Any CPU.ActiveCfg = Release|Any CPU
		{58784F0E-3BA2-42B4-9705-19A11B411E26}.Release|Any CPU.Build.0 = Release|Any CPU
		{58784F0E-3BA2-42B4-9705-19A11B411E26}.Release|x64.ActiveCfg = Release|x64
		{58784F0E-3BA2-42B4-9705-19A11B411E26}.Release|x64.Build.0 = Release|x64
	EndGlobalSection
	GlobalSection(SolutionProperties) = preSolution
		HideSolutionNode = FALSE
	EndGlobalSection
	GlobalSection(ExtensibilityGlobals) = postSolution
		SolutionGuid = {82E94D8D-13D9-4E9E-B75A-71E8F4BB773C}
	EndGlobalSection
EndGlobal
